
Microsoft Visual Studio Solution File, Format Version 12.00
# Visual Studio 2012
Project("{FAE04EC0-301F-11D3-BF4B-00C04F79EFBC}") = "GameOfLife.Tests", "GameOfLife.Tests\GameOfLife.Tests.csproj", "{3479BAD2-B854-4201-9F7D-7839291209EB}"
EndProject
Project("{FAE04EC0-301F-11D3-BF4B-00C04F79EFBC}") = "GameOfLife.Console", "GameOfLife.Console\GameOfLife.Console.csproj", "{17ADCB42-16AC-44A4-875B-44B7589158B6}"
EndProject
Global
	GlobalSection(SolutionConfigurationPlatforms) = preSolution
		Debug|Any CPU = Debug|Any CPU
		Release|Any CPU = Release|Any CPU
	EndGlobalSection
	GlobalSection(ProjectConfigurationPlatforms) = postSolution
		{3479BAD2-B854-4201-9F7D-7839291209EB}.Debug|Any CPU.ActiveCfg = Debug|Any CPU
		{3479BAD2-B854-4201-9F7D-7839291209EB}.Debug|Any CPU.Build.0 = Debug|Any CPU
		{3479BAD2-B854-4201-9F7D-7839291209EB}.Release|Any CPU.ActiveCfg = Release|Any CPU
		{3479BAD2-B854-4201-9F7D-7839291209EB}.Release|Any CPU.Build.0 = Release|Any CPU
		{17ADCB42-16AC-44A4-875B-44B7589158B6}.Debug|Any CPU.ActiveCfg = Debug|Any CPU
		{17ADCB42-16AC-44A4-875B-44B7589158B6}.Debug|Any CPU.Build.0 = Debug|Any CPU
		{17ADCB42-16AC-44A4-875B-44B7589158B6}.Release|Any CPU.ActiveCfg = Release|Any CPU
		{17ADCB42-16AC-44A4-875B-44B7589158B6}.Release|Any CPU.Build.0 = Release|Any CPU
	EndGlobalSection
	GlobalSection(SolutionProperties) = preSolution
		HideSolutionNode = FALSE
	EndGlobalSection
EndGlobal
